
Microsoft Visual Studio Solution File, Format Version 12.00
# Visual Studio 2013
VisualStudioVersion = 12.0.21005.1
MinimumVisualStudioVersion = 10.0.40219.1
Project("{FAE04EC0-301F-11D3-BF4B-00C04F79EFBC}") = "sqm_to_sqf", "sqm_to_sqf\sqm_to_sqf.csproj", "{7EDDB30F-D780-4D00-835F-FC2D4340DDD3}"
EndProject
Project("{FAE04EC0-301F-11D3-BF4B-00C04F79EFBC}") = "CommandLine", "CommandLine\src\libcmdline\CommandLine.csproj", "{5DEA2811-2FFA-4959-830B-CAD3ACACABEB}"
EndProject
Global
	GlobalSection(SolutionConfigurationPlatforms) = preSolution
		Debug|Any CPU = Debug|Any CPU
		Release|Any CPU = Release|Any CPU
	EndGlobalSection
	GlobalSection(ProjectConfigurationPlatforms) = postSolution
		{7EDDB30F-D780-4D00-835F-FC2D4340DDD3}.Debug|Any CPU.ActiveCfg = Debug|Any CPU
		{7EDDB30F-D780-4D00-835F-FC2D4340DDD3}.Debug|Any CPU.Build.0 = Debug|Any CPU
		{7EDDB30F-D780-4D00-835F-FC2D4340DDD3}.Release|Any CPU.ActiveCfg = Release|Any CPU
		{7EDDB30F-D780-4D00-835F-FC2D4340DDD3}.Release|Any CPU.Build.0 = Release|Any CPU
		{5DEA2811-2FFA-4959-830B-CAD3ACACABEB}.Debug|Any CPU.ActiveCfg = Debug|Any CPU
		{5DEA2811-2FFA-4959-830B-CAD3ACACABEB}.Debug|Any CPU.Build.0 = Debug|Any CPU
		{5DEA2811-2FFA-4959-830B-CAD3ACACABEB}.Release|Any CPU.ActiveCfg = Release|Any CPU
		{5DEA2811-2FFA-4959-830B-CAD3ACACABEB}.Release|Any CPU.Build.0 = Release|Any CPU
	EndGlobalSection
	GlobalSection(SolutionProperties) = preSolution
		HideSolutionNode = FALSE
	EndGlobalSection
EndGlobal
